
Microsoft Visual Studio Solution File, Format Version 12.00
# Visual Studio Version 17
VisualStudioVersion = 17.9.34714.143
MinimumVisualStudioVersion = 10.0.40219.1
Project("{9A19103F-16F7-4668-BE54-9A1E7A4F7556}") = "CdmsBackend", "..\cdms-backend\CdmsBackend\CdmsBackend.csproj", "{945589D9-6C4D-4A7C-A005-82F0FA2EF8B7}"
EndProject
Project("{9A19103F-16F7-4668-BE54-9A1E7A4F7556}") = "CdmsBackend.Test", "..\cdms-backend\CdmsBackend.Test\CdmsBackend.Test.csproj", "{08F1E866-C224-441B-9A33-A6FF246739B9}"
EndProject
Project("{9092AA53-FB77-4645-B42D-1CCCA6BD08BD}") = "CdmsFrontend", "CdmsFrontend.njsproj", "{541195E3-F0C5-4B56-A429-A5FE88238BE2}"
EndProject
Project("{9A19103F-16F7-4668-BE54-9A1E7A4F7556}") = "CdmsGateway", "..\cdms-gateway\CdmsGateway\CdmsGateway.csproj", "{DBDF17D6-59B1-4E24-88C3-A680E63A93F9}"
EndProject
Project("{9A19103F-16F7-4668-BE54-9A1E7A4F7556}") = "CdmsGateway.Test", "..\cdms-gateway\CdmsGateway.Test\CdmsGateway.Test.csproj", "{E67E8C1E-9FE9-4A7E-A5A3-FF1B89591CDA}"
EndProject
Project("{2150E333-8FDC-42A3-9474-1A3956D46DE8}") = "CdmsBackend", "CdmsBackend", "{C346C616-279C-4327-B4A9-15C76417011F}"
EndProject
Project("{2150E333-8FDC-42A3-9474-1A3956D46DE8}") = "CdmsGateway", "CdmsGateway", "{DD5FC8CB-988F-4A16-8806-4077FB6BF60B}"
EndProject
Project("{9A19103F-16F7-4668-BE54-9A1E7A4F7556}") = "CdmsGatewayStub", "..\cdms-gateway-stub\CdmsGatewayStub\CdmsGatewayStub.csproj", "{51A49C25-8523-45A8-A529-AFC4B6A7624E}"
EndProject
Project("{9A19103F-16F7-4668-BE54-9A1E7A4F7556}") = "CdmsGatewayStub.Test", "..\cdms-gateway-stub\CdmsGatewayStub.Test\CdmsGatewayStub.Test.csproj", "{68239678-EE73-4835-B21D-2AFF962CFF2B}"
EndProject
Project("{2150E333-8FDC-42A3-9474-1A3956D46DE8}") = "framework", "framework", "{55EEF0FB-0961-4D10-BD11-ED2337221BF3}"
EndProject
Project("{2150E333-8FDC-42A3-9474-1A3956D46DE8}") = "tools", "tools", "{3E3258BB-3A37-44A2-BD16-0CE6281CEF9D}"
EndProject
Project("{2150E333-8FDC-42A3-9474-1A3956D46DE8}") = "types", "types", "{6F439646-2994-4307-92F8-CB2D3DA288F3}"
EndProject
Project("{9A19103F-16F7-4668-BE54-9A1E7A4F7556}") = "Cdms.Azure", "..\cdms-backend\Cdms.Azure\Cdms.Azure.csproj", "{99369EBE-A383-44CC-BA68-528B91E0AA91}"
EndProject
Project("{9A19103F-16F7-4668-BE54-9A1E7A4F7556}") = "Cdms.Backend.Data", "..\cdms-backend\Cdms.Backend.Data\Cdms.Backend.Data.csproj", "{E0C5F369-FD39-4126-A228-ECC194F39849}"
EndProject
Project("{9A19103F-16F7-4668-BE54-9A1E7A4F7556}") = "Cdms.BlobService", "..\cdms-backend\Cdms.BlobService\Cdms.BlobService.csproj", "{827D124B-EF96-4E02-82A5-A100AD50EAE7}"
EndProject
Project("{9A19103F-16F7-4668-BE54-9A1E7A4F7556}") = "Cdms.Common", "..\cdms-backend\Cdms.Common\Cdms.Common.csproj", "{4DE9F2C9-91E8-4424-93F0-157CC27BEB36}"
EndProject
Project("{9A19103F-16F7-4668-BE54-9A1E7A4F7556}") = "Cdms.SensitiveData", "..\cdms-backend\Cdms.SensitiveData\Cdms.SensitiveData.csproj", "{475687BD-1383-4153-8B53-10DF1703F4C8}"
EndProject
Project("{9A19103F-16F7-4668-BE54-9A1E7A4F7556}") = "Cdms.SensitiveData.Tests", "..\cdms-backend\Cdms.SensitiveData.Tests\Cdms.SensitiveData.Tests.csproj", "{3B2CBDD8-CB70-49BC-AE26-2B6B95D3143F}"
EndProject
Project("{9A19103F-16F7-4668-BE54-9A1E7A4F7556}") = "CdmsBackend.Cli", "..\cdms-backend\CdmsBackend.Cli\CdmsBackend.Cli.csproj", "{D0ACDBC9-8A4A-4C7A-9AB0-CB2B17C07149}"
EndProject
Project("{9A19103F-16F7-4668-BE54-9A1E7A4F7556}") = "TestDataGenerator", "..\cdms-backend\TestDataGenerator\TestDataGenerator.csproj", "{A2132559-3528-4889-926C-D064110D768C}"
EndProject
Project("{9A19103F-16F7-4668-BE54-9A1E7A4F7556}") = "TestDataGenerator.Tests", "..\cdms-backend\TestDataGenerator.Tests\TestDataGenerator.Tests.csproj", "{29B15E19-864C-4EE7-929B-ECF800B6D4D7}"
EndProject
Project("{9A19103F-16F7-4668-BE54-9A1E7A4F7556}") = "Cdms.Business", "..\cdms-backend\Cdms.Business\Cdms.Business.csproj", "{FCCE17D9-F872-4E9D-8A81-5C7F7487B467}"
EndProject
Project("{9A19103F-16F7-4668-BE54-9A1E7A4F7556}") = "Cdms.Business.Tests", "..\cdms-backend\Cdms.Business.Tests\Cdms.Business.Tests.csproj", "{F77A178E-05A2-4A64-BA9C-5CC317C2A318}"
EndProject
Project("{9A19103F-16F7-4668-BE54-9A1E7A4F7556}") = "Cdms.Model", "..\cdms-backend\Cdms.Model\Cdms.Model.csproj", "{E8F935D5-FA0C-407A-BD4D-BB01956C291A}"
EndProject
Project("{9A19103F-16F7-4668-BE54-9A1E7A4F7556}") = "Cdms.Consumers", "..\cdms-backend\Cdms.Consumers\Cdms.Consumers.csproj", "{8980EBE5-03AB-45D8-BDA1-2328A6C9D314}"
EndProject
Project("{9A19103F-16F7-4668-BE54-9A1E7A4F7556}") = "Cdms.Consumers.Tests", "..\cdms-backend\Cdms.Consumers.Tests\Cdms.Consumers.Tests.csproj", "{174D9DE4-B851-42A2-B061-537D0C19A64C}"
EndProject
Project("{9A19103F-16F7-4668-BE54-9A1E7A4F7556}") = "Cdms.Types.Alvs.Mapping.V1", "..\cdms-backend\Cdms.Types.Alvs.Mapping.V1\Cdms.Types.Alvs.Mapping.V1.csproj", "{B3739444-35BC-4F23-8046-610AEF883AA0}"
EndProject
Project("{9A19103F-16F7-4668-BE54-9A1E7A4F7556}") = "Cdms.Types.Alvs.Mapping.V1.Tests", "..\cdms-backend\Cdms.Types.Alvs.Mapping.V1.Tests\Cdms.Types.Alvs.Mapping.V1.Tests.csproj", "{37D50603-DF6D-46FD-80E5-9ED42B92919B}"
EndProject
Project("{9A19103F-16F7-4668-BE54-9A1E7A4F7556}") = "Cdms.Types.Alvs.V1", "..\cdms-backend\Cdms.Types.Alvs.V1\Cdms.Types.Alvs.V1.csproj", "{4B38E4F7-C095-43BB-8217-CEDE3DEC7E26}"
EndProject
Project("{9A19103F-16F7-4668-BE54-9A1E7A4F7556}") = "Cdms.Types.Gvms.Mapping.V1", "..\cdms-backend\Cdms.Types.Gvms.Mapping.V1\Cdms.Types.Gvms.Mapping.V1.csproj", "{D45656BD-30EF-47F2-A5CA-E30F63AB445F}"
EndProject
Project("{9A19103F-16F7-4668-BE54-9A1E7A4F7556}") = "Cdms.Types.Gvms.V1", "..\cdms-backend\Cdms.Types.Gvms.V1\Cdms.Types.Gvms.V1.csproj", "{0983334A-EE48-4086-832F-C3ADBF90847E}"
EndProject
Project("{9A19103F-16F7-4668-BE54-9A1E7A4F7556}") = "Cdms.Types.Ipaffs.V1", "..\cdms-backend\Cdms.Types.Ipaffs.V1\Cdms.Types.Ipaffs.V1.csproj", "{D79F203C-66EA-479A-BEB2-1B66228AB253}"
EndProject
Project("{9A19103F-16F7-4668-BE54-9A1E7A4F7556}") = "Cdms.Types.Ipaffs.Mapping.V1", "..\cdms-backend\Cdms.Types.Ipaffs.Mapping.V1\Cdms.Types.Ipaffs.Mapping.V1.csproj", "{BE499C5D-3AF5-455E-B069-1F5DD16EAB85}"
EndProject
Project("{9A19103F-16F7-4668-BE54-9A1E7A4F7556}") = "Cdms.SyncJob", "..\cdms-backend\Cdms.SyncJob\Cdms.SyncJob.csproj", "{E0B73D01-B6FE-4A33-8D18-44E2180394EF}"
Project("{9092AA53-FB77-4645-B42D-1CCCA6BD08BD}") = "CdmsBackendPerfTests", "..\cdms-backend-perf-tests\CdmsBackendPerfTests.njsproj", "{3656278E-5CE7-4EBA-9820-31F4A7E6CD8B}"
EndProject
Global
	GlobalSection(SolutionConfigurationPlatforms) = preSolution
		Debug|Any CPU = Debug|Any CPU
		Release|Any CPU = Release|Any CPU
	EndGlobalSection
	GlobalSection(ProjectConfigurationPlatforms) = postSolution
		{945589D9-6C4D-4A7C-A005-82F0FA2EF8B7}.Debug|Any CPU.ActiveCfg = Debug|Any CPU
		{945589D9-6C4D-4A7C-A005-82F0FA2EF8B7}.Debug|Any CPU.Build.0 = Debug|Any CPU
		{945589D9-6C4D-4A7C-A005-82F0FA2EF8B7}.Release|Any CPU.ActiveCfg = Release|Any CPU
		{945589D9-6C4D-4A7C-A005-82F0FA2EF8B7}.Release|Any CPU.Build.0 = Release|Any CPU
		{08F1E866-C224-441B-9A33-A6FF246739B9}.Debug|Any CPU.ActiveCfg = Debug|Any CPU
		{08F1E866-C224-441B-9A33-A6FF246739B9}.Debug|Any CPU.Build.0 = Debug|Any CPU
		{08F1E866-C224-441B-9A33-A6FF246739B9}.Release|Any CPU.ActiveCfg = Release|Any CPU
		{08F1E866-C224-441B-9A33-A6FF246739B9}.Release|Any CPU.Build.0 = Release|Any CPU
		{DBDF17D6-59B1-4E24-88C3-A680E63A93F9}.Debug|Any CPU.ActiveCfg = Debug|Any CPU
		{DBDF17D6-59B1-4E24-88C3-A680E63A93F9}.Debug|Any CPU.Build.0 = Debug|Any CPU
		{DBDF17D6-59B1-4E24-88C3-A680E63A93F9}.Release|Any CPU.ActiveCfg = Release|Any CPU
		{DBDF17D6-59B1-4E24-88C3-A680E63A93F9}.Release|Any CPU.Build.0 = Release|Any CPU
		{E67E8C1E-9FE9-4A7E-A5A3-FF1B89591CDA}.Debug|Any CPU.ActiveCfg = Debug|Any CPU
		{E67E8C1E-9FE9-4A7E-A5A3-FF1B89591CDA}.Debug|Any CPU.Build.0 = Debug|Any CPU
		{E67E8C1E-9FE9-4A7E-A5A3-FF1B89591CDA}.Release|Any CPU.ActiveCfg = Release|Any CPU
		{E67E8C1E-9FE9-4A7E-A5A3-FF1B89591CDA}.Release|Any CPU.Build.0 = Release|Any CPU
		{51A49C25-8523-45A8-A529-AFC4B6A7624E}.Debug|Any CPU.ActiveCfg = Debug|Any CPU
		{51A49C25-8523-45A8-A529-AFC4B6A7624E}.Debug|Any CPU.Build.0 = Debug|Any CPU
		{51A49C25-8523-45A8-A529-AFC4B6A7624E}.Release|Any CPU.ActiveCfg = Release|Any CPU
		{51A49C25-8523-45A8-A529-AFC4B6A7624E}.Release|Any CPU.Build.0 = Release|Any CPU
		{68239678-EE73-4835-B21D-2AFF962CFF2B}.Debug|Any CPU.ActiveCfg = Debug|Any CPU
		{68239678-EE73-4835-B21D-2AFF962CFF2B}.Debug|Any CPU.Build.0 = Debug|Any CPU
		{68239678-EE73-4835-B21D-2AFF962CFF2B}.Release|Any CPU.ActiveCfg = Release|Any CPU
		{68239678-EE73-4835-B21D-2AFF962CFF2B}.Release|Any CPU.Build.0 = Release|Any CPU
		{99369EBE-A383-44CC-BA68-528B91E0AA91}.Debug|Any CPU.ActiveCfg = Debug|Any CPU
		{99369EBE-A383-44CC-BA68-528B91E0AA91}.Debug|Any CPU.Build.0 = Debug|Any CPU
		{99369EBE-A383-44CC-BA68-528B91E0AA91}.Release|Any CPU.ActiveCfg = Release|Any CPU
		{99369EBE-A383-44CC-BA68-528B91E0AA91}.Release|Any CPU.Build.0 = Release|Any CPU
		{E0C5F369-FD39-4126-A228-ECC194F39849}.Debug|Any CPU.ActiveCfg = Debug|Any CPU
		{E0C5F369-FD39-4126-A228-ECC194F39849}.Debug|Any CPU.Build.0 = Debug|Any CPU
		{E0C5F369-FD39-4126-A228-ECC194F39849}.Release|Any CPU.ActiveCfg = Release|Any CPU
		{E0C5F369-FD39-4126-A228-ECC194F39849}.Release|Any CPU.Build.0 = Release|Any CPU
		{827D124B-EF96-4E02-82A5-A100AD50EAE7}.Debug|Any CPU.ActiveCfg = Debug|Any CPU
		{827D124B-EF96-4E02-82A5-A100AD50EAE7}.Debug|Any CPU.Build.0 = Debug|Any CPU
		{827D124B-EF96-4E02-82A5-A100AD50EAE7}.Release|Any CPU.ActiveCfg = Release|Any CPU
		{827D124B-EF96-4E02-82A5-A100AD50EAE7}.Release|Any CPU.Build.0 = Release|Any CPU
		{4DE9F2C9-91E8-4424-93F0-157CC27BEB36}.Debug|Any CPU.ActiveCfg = Debug|Any CPU
		{4DE9F2C9-91E8-4424-93F0-157CC27BEB36}.Debug|Any CPU.Build.0 = Debug|Any CPU
		{4DE9F2C9-91E8-4424-93F0-157CC27BEB36}.Release|Any CPU.ActiveCfg = Release|Any CPU
		{4DE9F2C9-91E8-4424-93F0-157CC27BEB36}.Release|Any CPU.Build.0 = Release|Any CPU
		{475687BD-1383-4153-8B53-10DF1703F4C8}.Debug|Any CPU.ActiveCfg = Debug|Any CPU
		{475687BD-1383-4153-8B53-10DF1703F4C8}.Debug|Any CPU.Build.0 = Debug|Any CPU
		{475687BD-1383-4153-8B53-10DF1703F4C8}.Release|Any CPU.ActiveCfg = Release|Any CPU
		{475687BD-1383-4153-8B53-10DF1703F4C8}.Release|Any CPU.Build.0 = Release|Any CPU
		{3B2CBDD8-CB70-49BC-AE26-2B6B95D3143F}.Debug|Any CPU.ActiveCfg = Debug|Any CPU
		{3B2CBDD8-CB70-49BC-AE26-2B6B95D3143F}.Debug|Any CPU.Build.0 = Debug|Any CPU
		{3B2CBDD8-CB70-49BC-AE26-2B6B95D3143F}.Release|Any CPU.ActiveCfg = Release|Any CPU
		{3B2CBDD8-CB70-49BC-AE26-2B6B95D3143F}.Release|Any CPU.Build.0 = Release|Any CPU
		{D0ACDBC9-8A4A-4C7A-9AB0-CB2B17C07149}.Debug|Any CPU.ActiveCfg = Debug|Any CPU
		{D0ACDBC9-8A4A-4C7A-9AB0-CB2B17C07149}.Debug|Any CPU.Build.0 = Debug|Any CPU
		{D0ACDBC9-8A4A-4C7A-9AB0-CB2B17C07149}.Release|Any CPU.ActiveCfg = Release|Any CPU
		{D0ACDBC9-8A4A-4C7A-9AB0-CB2B17C07149}.Release|Any CPU.Build.0 = Release|Any CPU
		{A2132559-3528-4889-926C-D064110D768C}.Debug|Any CPU.ActiveCfg = Debug|Any CPU
		{A2132559-3528-4889-926C-D064110D768C}.Debug|Any CPU.Build.0 = Debug|Any CPU
		{A2132559-3528-4889-926C-D064110D768C}.Release|Any CPU.ActiveCfg = Release|Any CPU
		{A2132559-3528-4889-926C-D064110D768C}.Release|Any CPU.Build.0 = Release|Any CPU
		{29B15E19-864C-4EE7-929B-ECF800B6D4D7}.Debug|Any CPU.ActiveCfg = Debug|Any CPU
		{29B15E19-864C-4EE7-929B-ECF800B6D4D7}.Debug|Any CPU.Build.0 = Debug|Any CPU
		{29B15E19-864C-4EE7-929B-ECF800B6D4D7}.Release|Any CPU.ActiveCfg = Release|Any CPU
		{29B15E19-864C-4EE7-929B-ECF800B6D4D7}.Release|Any CPU.Build.0 = Release|Any CPU
		{FCCE17D9-F872-4E9D-8A81-5C7F7487B467}.Debug|Any CPU.ActiveCfg = Debug|Any CPU
		{FCCE17D9-F872-4E9D-8A81-5C7F7487B467}.Debug|Any CPU.Build.0 = Debug|Any CPU
		{FCCE17D9-F872-4E9D-8A81-5C7F7487B467}.Release|Any CPU.ActiveCfg = Release|Any CPU
		{FCCE17D9-F872-4E9D-8A81-5C7F7487B467}.Release|Any CPU.Build.0 = Release|Any CPU
		{F77A178E-05A2-4A64-BA9C-5CC317C2A318}.Debug|Any CPU.ActiveCfg = Debug|Any CPU
		{F77A178E-05A2-4A64-BA9C-5CC317C2A318}.Debug|Any CPU.Build.0 = Debug|Any CPU
		{F77A178E-05A2-4A64-BA9C-5CC317C2A318}.Release|Any CPU.ActiveCfg = Release|Any CPU
		{F77A178E-05A2-4A64-BA9C-5CC317C2A318}.Release|Any CPU.Build.0 = Release|Any CPU
		{E8F935D5-FA0C-407A-BD4D-BB01956C291A}.Debug|Any CPU.ActiveCfg = Debug|Any CPU
		{E8F935D5-FA0C-407A-BD4D-BB01956C291A}.Debug|Any CPU.Build.0 = Debug|Any CPU
		{E8F935D5-FA0C-407A-BD4D-BB01956C291A}.Release|Any CPU.ActiveCfg = Release|Any CPU
		{E8F935D5-FA0C-407A-BD4D-BB01956C291A}.Release|Any CPU.Build.0 = Release|Any CPU
		{8980EBE5-03AB-45D8-BDA1-2328A6C9D314}.Debug|Any CPU.ActiveCfg = Debug|Any CPU
		{8980EBE5-03AB-45D8-BDA1-2328A6C9D314}.Debug|Any CPU.Build.0 = Debug|Any CPU
		{8980EBE5-03AB-45D8-BDA1-2328A6C9D314}.Release|Any CPU.ActiveCfg = Release|Any CPU
		{8980EBE5-03AB-45D8-BDA1-2328A6C9D314}.Release|Any CPU.Build.0 = Release|Any CPU
		{174D9DE4-B851-42A2-B061-537D0C19A64C}.Debug|Any CPU.ActiveCfg = Debug|Any CPU
		{174D9DE4-B851-42A2-B061-537D0C19A64C}.Debug|Any CPU.Build.0 = Debug|Any CPU
		{174D9DE4-B851-42A2-B061-537D0C19A64C}.Release|Any CPU.ActiveCfg = Release|Any CPU
		{174D9DE4-B851-42A2-B061-537D0C19A64C}.Release|Any CPU.Build.0 = Release|Any CPU
		{B3739444-35BC-4F23-8046-610AEF883AA0}.Debug|Any CPU.ActiveCfg = Debug|Any CPU
		{B3739444-35BC-4F23-8046-610AEF883AA0}.Debug|Any CPU.Build.0 = Debug|Any CPU
		{B3739444-35BC-4F23-8046-610AEF883AA0}.Release|Any CPU.ActiveCfg = Release|Any CPU
		{B3739444-35BC-4F23-8046-610AEF883AA0}.Release|Any CPU.Build.0 = Release|Any CPU
		{37D50603-DF6D-46FD-80E5-9ED42B92919B}.Debug|Any CPU.ActiveCfg = Debug|Any CPU
		{37D50603-DF6D-46FD-80E5-9ED42B92919B}.Debug|Any CPU.Build.0 = Debug|Any CPU
		{37D50603-DF6D-46FD-80E5-9ED42B92919B}.Release|Any CPU.ActiveCfg = Release|Any CPU
		{37D50603-DF6D-46FD-80E5-9ED42B92919B}.Release|Any CPU.Build.0 = Release|Any CPU
		{4B38E4F7-C095-43BB-8217-CEDE3DEC7E26}.Debug|Any CPU.ActiveCfg = Debug|Any CPU
		{4B38E4F7-C095-43BB-8217-CEDE3DEC7E26}.Debug|Any CPU.Build.0 = Debug|Any CPU
		{4B38E4F7-C095-43BB-8217-CEDE3DEC7E26}.Release|Any CPU.ActiveCfg = Release|Any CPU
		{4B38E4F7-C095-43BB-8217-CEDE3DEC7E26}.Release|Any CPU.Build.0 = Release|Any CPU
		{D45656BD-30EF-47F2-A5CA-E30F63AB445F}.Debug|Any CPU.ActiveCfg = Debug|Any CPU
		{D45656BD-30EF-47F2-A5CA-E30F63AB445F}.Debug|Any CPU.Build.0 = Debug|Any CPU
		{D45656BD-30EF-47F2-A5CA-E30F63AB445F}.Release|Any CPU.ActiveCfg = Release|Any CPU
		{D45656BD-30EF-47F2-A5CA-E30F63AB445F}.Release|Any CPU.Build.0 = Release|Any CPU
		{0983334A-EE48-4086-832F-C3ADBF90847E}.Debug|Any CPU.ActiveCfg = Debug|Any CPU
		{0983334A-EE48-4086-832F-C3ADBF90847E}.Debug|Any CPU.Build.0 = Debug|Any CPU
		{0983334A-EE48-4086-832F-C3ADBF90847E}.Release|Any CPU.ActiveCfg = Release|Any CPU
		{0983334A-EE48-4086-832F-C3ADBF90847E}.Release|Any CPU.Build.0 = Release|Any CPU
		{D79F203C-66EA-479A-BEB2-1B66228AB253}.Debug|Any CPU.ActiveCfg = Debug|Any CPU
		{D79F203C-66EA-479A-BEB2-1B66228AB253}.Debug|Any CPU.Build.0 = Debug|Any CPU
		{D79F203C-66EA-479A-BEB2-1B66228AB253}.Release|Any CPU.ActiveCfg = Release|Any CPU
		{D79F203C-66EA-479A-BEB2-1B66228AB253}.Release|Any CPU.Build.0 = Release|Any CPU
		{BE499C5D-3AF5-455E-B069-1F5DD16EAB85}.Debug|Any CPU.ActiveCfg = Debug|Any CPU
		{BE499C5D-3AF5-455E-B069-1F5DD16EAB85}.Debug|Any CPU.Build.0 = Debug|Any CPU
		{BE499C5D-3AF5-455E-B069-1F5DD16EAB85}.Release|Any CPU.ActiveCfg = Release|Any CPU
		{BE499C5D-3AF5-455E-B069-1F5DD16EAB85}.Release|Any CPU.Build.0 = Release|Any CPU
		{E0B73D01-B6FE-4A33-8D18-44E2180394EF}.Debug|Any CPU.ActiveCfg = Debug|Any CPU
		{E0B73D01-B6FE-4A33-8D18-44E2180394EF}.Debug|Any CPU.Build.0 = Debug|Any CPU
		{E0B73D01-B6FE-4A33-8D18-44E2180394EF}.Release|Any CPU.ActiveCfg = Release|Any CPU
		{E0B73D01-B6FE-4A33-8D18-44E2180394EF}.Release|Any CPU.Build.0 = Release|Any CPU
	EndGlobalSection
	GlobalSection(SolutionProperties) = preSolution
		HideSolutionNode = FALSE
	EndGlobalSection
	GlobalSection(NestedProjects) = preSolution
		{945589D9-6C4D-4A7C-A005-82F0FA2EF8B7} = {C346C616-279C-4327-B4A9-15C76417011F}
		{08F1E866-C224-441B-9A33-A6FF246739B9} = {C346C616-279C-4327-B4A9-15C76417011F}
		{DBDF17D6-59B1-4E24-88C3-A680E63A93F9} = {DD5FC8CB-988F-4A16-8806-4077FB6BF60B}
		{E67E8C1E-9FE9-4A7E-A5A3-FF1B89591CDA} = {DD5FC8CB-988F-4A16-8806-4077FB6BF60B}
		{51A49C25-8523-45A8-A529-AFC4B6A7624E} = {DD5FC8CB-988F-4A16-8806-4077FB6BF60B}
		{68239678-EE73-4835-B21D-2AFF962CFF2B} = {DD5FC8CB-988F-4A16-8806-4077FB6BF60B}
		{55EEF0FB-0961-4D10-BD11-ED2337221BF3} = {C346C616-279C-4327-B4A9-15C76417011F}
		{3E3258BB-3A37-44A2-BD16-0CE6281CEF9D} = {C346C616-279C-4327-B4A9-15C76417011F}
		{6F439646-2994-4307-92F8-CB2D3DA288F3} = {C346C616-279C-4327-B4A9-15C76417011F}
		{99369EBE-A383-44CC-BA68-528B91E0AA91} = {55EEF0FB-0961-4D10-BD11-ED2337221BF3}
		{E0C5F369-FD39-4126-A228-ECC194F39849} = {55EEF0FB-0961-4D10-BD11-ED2337221BF3}
		{827D124B-EF96-4E02-82A5-A100AD50EAE7} = {55EEF0FB-0961-4D10-BD11-ED2337221BF3}
		{4DE9F2C9-91E8-4424-93F0-157CC27BEB36} = {55EEF0FB-0961-4D10-BD11-ED2337221BF3}
		{475687BD-1383-4153-8B53-10DF1703F4C8} = {55EEF0FB-0961-4D10-BD11-ED2337221BF3}
		{3B2CBDD8-CB70-49BC-AE26-2B6B95D3143F} = {55EEF0FB-0961-4D10-BD11-ED2337221BF3}
		{D0ACDBC9-8A4A-4C7A-9AB0-CB2B17C07149} = {3E3258BB-3A37-44A2-BD16-0CE6281CEF9D}
		{A2132559-3528-4889-926C-D064110D768C} = {3E3258BB-3A37-44A2-BD16-0CE6281CEF9D}
		{29B15E19-864C-4EE7-929B-ECF800B6D4D7} = {3E3258BB-3A37-44A2-BD16-0CE6281CEF9D}
		{FCCE17D9-F872-4E9D-8A81-5C7F7487B467} = {C346C616-279C-4327-B4A9-15C76417011F}
		{F77A178E-05A2-4A64-BA9C-5CC317C2A318} = {C346C616-279C-4327-B4A9-15C76417011F}
		{E8F935D5-FA0C-407A-BD4D-BB01956C291A} = {C346C616-279C-4327-B4A9-15C76417011F}
		{8980EBE5-03AB-45D8-BDA1-2328A6C9D314} = {C346C616-279C-4327-B4A9-15C76417011F}
		{174D9DE4-B851-42A2-B061-537D0C19A64C} = {C346C616-279C-4327-B4A9-15C76417011F}
		{B3739444-35BC-4F23-8046-610AEF883AA0} = {6F439646-2994-4307-92F8-CB2D3DA288F3}
		{37D50603-DF6D-46FD-80E5-9ED42B92919B} = {6F439646-2994-4307-92F8-CB2D3DA288F3}
		{4B38E4F7-C095-43BB-8217-CEDE3DEC7E26} = {6F439646-2994-4307-92F8-CB2D3DA288F3}
		{D45656BD-30EF-47F2-A5CA-E30F63AB445F} = {6F439646-2994-4307-92F8-CB2D3DA288F3}
		{0983334A-EE48-4086-832F-C3ADBF90847E} = {6F439646-2994-4307-92F8-CB2D3DA288F3}
		{D79F203C-66EA-479A-BEB2-1B66228AB253} = {6F439646-2994-4307-92F8-CB2D3DA288F3}
		{BE499C5D-3AF5-455E-B069-1F5DD16EAB85} = {6F439646-2994-4307-92F8-CB2D3DA288F3}
		{E0B73D01-B6FE-4A33-8D18-44E2180394EF} = {55EEF0FB-0961-4D10-BD11-ED2337221BF3}
		{3656278E-5CE7-4EBA-9820-31F4A7E6CD8B} = {C346C616-279C-4327-B4A9-15C76417011F}
	EndGlobalSection
	GlobalSection(ExtensibilityGlobals) = postSolution
		SolutionGuid = {8E9ECA82-73FF-4728-8332-4EF7710F84C7}
	EndGlobalSection
EndGlobal
