
Microsoft Visual Studio Solution File, Format Version 12.00
Project("{FAE04EC0-301F-11D3-BF4B-00C04F79EFBC}") = "CdmsBackend", "..\cdms-backend\CdmsBackend\CdmsBackend.csproj", "{945589D9-6C4D-4A7C-A005-82F0FA2EF8B7}"
EndProject
Project("{FAE04EC0-301F-11D3-BF4B-00C04F79EFBC}") = "CdmsBackend.Test", "..\cdms-backend\CdmsBackend.Test\CdmsBackend.Test.csproj", "{08F1E866-C224-441B-9A33-A6FF246739B9}"
EndProject
Project("{9092AA53-FB77-4645-B42D-1CCCA6BD08BD}") = "CdmsFrontend", "CdmsFrontend.njsproj", "{541195E3-F0C5-4B56-A429-A5FE88238BE2}"
EndProject
Project("{FAE04EC0-301F-11D3-BF4B-00C04F79EFBC}") = "CdmsGateway", "..\cdms-gateway\CdmsGateway\CdmsGateway.csproj", "{DBDF17D6-59B1-4E24-88C3-A680E63A93F9}"
EndProject
Project("{FAE04EC0-301F-11D3-BF4B-00C04F79EFBC}") = "CdmsGateway.Test", "..\cdms-gateway\CdmsGateway.Test\CdmsGateway.Test.csproj", "{E67E8C1E-9FE9-4A7E-A5A3-FF1B89591CDA}"
EndProject
Project("{2150E333-8FDC-42A3-9474-1A3956D46DE8}") = "CdmsBackend", "CdmsBackend", "{C346C616-279C-4327-B4A9-15C76417011F}"
EndProject
Project("{2150E333-8FDC-42A3-9474-1A3956D46DE8}") = "CdmsGateway", "CdmsGateway", "{DD5FC8CB-988F-4A16-8806-4077FB6BF60B}"
EndProject
Project("{FAE04EC0-301F-11D3-BF4B-00C04F79EFBC}") = "CdmsGateway.Stub", "..\cdms-gateway\CdmsGateway.Stub\CdmsGateway.Stub.csproj", "{3A327226-0786-4DA2-A877-636DFAA043E3}"
EndProject
Global
	GlobalSection(SolutionConfigurationPlatforms) = preSolution
		Debug|Any CPU = Debug|Any CPU
		Release|Any CPU = Release|Any CPU
	EndGlobalSection
	GlobalSection(ProjectConfigurationPlatforms) = postSolution
		{945589D9-6C4D-4A7C-A005-82F0FA2EF8B7}.Debug|Any CPU.ActiveCfg = Debug|Any CPU
		{945589D9-6C4D-4A7C-A005-82F0FA2EF8B7}.Debug|Any CPU.Build.0 = Debug|Any CPU
		{945589D9-6C4D-4A7C-A005-82F0FA2EF8B7}.Release|Any CPU.ActiveCfg = Release|Any CPU
		{945589D9-6C4D-4A7C-A005-82F0FA2EF8B7}.Release|Any CPU.Build.0 = Release|Any CPU
		{08F1E866-C224-441B-9A33-A6FF246739B9}.Debug|Any CPU.ActiveCfg = Debug|Any CPU
		{08F1E866-C224-441B-9A33-A6FF246739B9}.Debug|Any CPU.Build.0 = Debug|Any CPU
		{08F1E866-C224-441B-9A33-A6FF246739B9}.Release|Any CPU.ActiveCfg = Release|Any CPU
		{08F1E866-C224-441B-9A33-A6FF246739B9}.Release|Any CPU.Build.0 = Release|Any CPU
		{DBDF17D6-59B1-4E24-88C3-A680E63A93F9}.Debug|Any CPU.ActiveCfg = Debug|Any CPU
		{DBDF17D6-59B1-4E24-88C3-A680E63A93F9}.Debug|Any CPU.Build.0 = Debug|Any CPU
		{DBDF17D6-59B1-4E24-88C3-A680E63A93F9}.Release|Any CPU.ActiveCfg = Release|Any CPU
		{DBDF17D6-59B1-4E24-88C3-A680E63A93F9}.Release|Any CPU.Build.0 = Release|Any CPU
		{E67E8C1E-9FE9-4A7E-A5A3-FF1B89591CDA}.Debug|Any CPU.ActiveCfg = Debug|Any CPU
		{E67E8C1E-9FE9-4A7E-A5A3-FF1B89591CDA}.Debug|Any CPU.Build.0 = Debug|Any CPU
		{E67E8C1E-9FE9-4A7E-A5A3-FF1B89591CDA}.Release|Any CPU.ActiveCfg = Release|Any CPU
		{E67E8C1E-9FE9-4A7E-A5A3-FF1B89591CDA}.Release|Any CPU.Build.0 = Release|Any CPU
		{3A327226-0786-4DA2-A877-636DFAA043E3}.Debug|Any CPU.ActiveCfg = Debug|Any CPU
		{3A327226-0786-4DA2-A877-636DFAA043E3}.Debug|Any CPU.Build.0 = Debug|Any CPU
		{3A327226-0786-4DA2-A877-636DFAA043E3}.Release|Any CPU.ActiveCfg = Release|Any CPU
		{3A327226-0786-4DA2-A877-636DFAA043E3}.Release|Any CPU.Build.0 = Release|Any CPU
	EndGlobalSection
	GlobalSection(NestedProjects) = preSolution
		{945589D9-6C4D-4A7C-A005-82F0FA2EF8B7} = {C346C616-279C-4327-B4A9-15C76417011F}
		{08F1E866-C224-441B-9A33-A6FF246739B9} = {C346C616-279C-4327-B4A9-15C76417011F}
		{DBDF17D6-59B1-4E24-88C3-A680E63A93F9} = {DD5FC8CB-988F-4A16-8806-4077FB6BF60B}
		{E67E8C1E-9FE9-4A7E-A5A3-FF1B89591CDA} = {DD5FC8CB-988F-4A16-8806-4077FB6BF60B}
		{3A327226-0786-4DA2-A877-636DFAA043E3} = {DD5FC8CB-988F-4A16-8806-4077FB6BF60B}
	EndGlobalSection
EndGlobal
